
Microsoft Visual Studio Solution File, Format Version 12.00
# Visual Studio Version 16
VisualStudioVersion = 16.0.31424.327
MinimumVisualStudioVersion = 10.0.40219.1
Project("{9A19103F-16F7-4668-BE54-9A1E7A4F7556}") = "CalculatorApi", "CalculatorApi\CalculatorApi.csproj", "{007E0BA1-7102-465F-B7FE-F8B4CB1F6C62}"
EndProject
Project("{FAE04EC0-301F-11D3-BF4B-00C04F79EFBC}") = "Entities", "Entities\Entities.csproj", "{8CCE35E9-E553-4447-BC98-77A7C16A5EFE}"
EndProject
Project("{FAE04EC0-301F-11D3-BF4B-00C04F79EFBC}") = "Services", "Services\Services.csproj", "{00046523-F4AA-4283-8841-0DF888239F28}"
EndProject
Project("{FAE04EC0-301F-11D3-BF4B-00C04F79EFBC}") = "DAL", "DAL\DAL.csproj", "{B8844E19-FADD-4D23-A6C1-A2104BFC326D}"
EndProject
Global
	GlobalSection(SolutionConfigurationPlatforms) = preSolution
		Debug|Any CPU = Debug|Any CPU
		Release|Any CPU = Release|Any CPU
	EndGlobalSection
	GlobalSection(ProjectConfigurationPlatforms) = postSolution
		{007E0BA1-7102-465F-B7FE-F8B4CB1F6C62}.Debug|Any CPU.ActiveCfg = Debug|Any CPU
		{007E0BA1-7102-465F-B7FE-F8B4CB1F6C62}.Debug|Any CPU.Build.0 = Debug|Any CPU
		{007E0BA1-7102-465F-B7FE-F8B4CB1F6C62}.Release|Any CPU.ActiveCfg = Release|Any CPU
		{007E0BA1-7102-465F-B7FE-F8B4CB1F6C62}.Release|Any CPU.Build.0 = Release|Any CPU
		{8CCE35E9-E553-4447-BC98-77A7C16A5EFE}.Debug|Any CPU.ActiveCfg = Debug|Any CPU
		{8CCE35E9-E553-4447-BC98-77A7C16A5EFE}.Debug|Any CPU.Build.0 = Debug|Any CPU
		{8CCE35E9-E553-4447-BC98-77A7C16A5EFE}.Release|Any CPU.ActiveCfg = Release|Any CPU
		{8CCE35E9-E553-4447-BC98-77A7C16A5EFE}.Release|Any CPU.Build.0 = Release|Any CPU
		{00046523-F4AA-4283-8841-0DF888239F28}.Debug|Any CPU.ActiveCfg = Debug|Any CPU
		{00046523-F4AA-4283-8841-0DF888239F28}.Debug|Any CPU.Build.0 = Debug|Any CPU
		{00046523-F4AA-4283-8841-0DF888239F28}.Release|Any CPU.ActiveCfg = Release|Any CPU
		{00046523-F4AA-4283-8841-0DF888239F28}.Release|Any CPU.Build.0 = Release|Any CPU
		{B8844E19-FADD-4D23-A6C1-A2104BFC326D}.Debug|Any CPU.ActiveCfg = Debug|Any CPU
		{B8844E19-FADD-4D23-A6C1-A2104BFC326D}.Debug|Any CPU.Build.0 = Debug|Any CPU
		{B8844E19-FADD-4D23-A6C1-A2104BFC326D}.Release|Any CPU.ActiveCfg = Release|Any CPU
		{B8844E19-FADD-4D23-A6C1-A2104BFC326D}.Release|Any CPU.Build.0 = Release|Any CPU
	EndGlobalSection
	GlobalSection(SolutionProperties) = preSolution
		HideSolutionNode = FALSE
	EndGlobalSection
	GlobalSection(ExtensibilityGlobals) = postSolution
		SolutionGuid = {7D8F91FC-B2E3-499F-BF78-693CB6336E4F}
	EndGlobalSection
EndGlobal
